
Microsoft Visual Studio Solution File, Format Version 12.00
# Visual Studio 15
VisualStudioVersion = 15.0.27130.2027
MinimumVisualStudioVersion = 10.0.40219.1
Project("{F184B08F-C81C-45F6-A57F-5ABD9991F28F}") = "Assign_7", "Assign_7\Assign_7.vbproj", "{177666B6-2D53-4917-8E4C-9B5E536BFF63}"
EndProject
Global
	GlobalSection(SolutionConfigurationPlatforms) = preSolution
		Debug|Any CPU = Debug|Any CPU
		Release|Any CPU = Release|Any CPU
	EndGlobalSection
	GlobalSection(ProjectConfigurationPlatforms) = postSolution
		{177666B6-2D53-4917-8E4C-9B5E536BFF63}.Debug|Any CPU.ActiveCfg = Debug|Any CPU
		{177666B6-2D53-4917-8E4C-9B5E536BFF63}.Debug|Any CPU.Build.0 = Debug|Any CPU
		{177666B6-2D53-4917-8E4C-9B5E536BFF63}.Release|Any CPU.ActiveCfg = Release|Any CPU
		{177666B6-2D53-4917-8E4C-9B5E536BFF63}.Release|Any CPU.Build.0 = Release|Any CPU
	EndGlobalSection
	GlobalSection(SolutionProperties) = preSolution
		HideSolutionNode = FALSE
	EndGlobalSection
	GlobalSection(ExtensibilityGlobals) = postSolution
		SolutionGuid = {4232E7B0-C950-4DE8-9D6E-E1CADAECC7D3}
	EndGlobalSection
EndGlobal
